
Microsoft Visual Studio Solution File, Format Version 12.00
# Visual Studio Version 16
VisualStudioVersion = 16.0.30611.23
MinimumVisualStudioVersion = 10.0.40219.1
Project("{FAE04EC0-301F-11D3-BF4B-00C04F79EFBC}") = "PoisnCopy", "PoisnCopy.csproj", "{071E04E6-CEDB-414B-BABA-E2AEAF939586}"
EndProject
Global
	GlobalSection(SolutionConfigurationPlatforms) = preSolution
		Debug|Any CPU = Debug|Any CPU
		Release|Any CPU = Release|Any CPU
	EndGlobalSection
	GlobalSection(ProjectConfigurationPlatforms) = postSolution
		{071E04E6-CEDB-414B-BABA-E2AEAF939586}.Debug|Any CPU.ActiveCfg = Debug|Any CPU
		{071E04E6-CEDB-414B-BABA-E2AEAF939586}.Debug|Any CPU.Build.0 = Debug|Any CPU
		{071E04E6-CEDB-414B-BABA-E2AEAF939586}.Release|Any CPU.ActiveCfg = Release|Any CPU
		{071E04E6-CEDB-414B-BABA-E2AEAF939586}.Release|Any CPU.Build.0 = Release|Any CPU
	EndGlobalSection
	GlobalSection(SolutionProperties) = preSolution
		HideSolutionNode = FALSE
	EndGlobalSection
	GlobalSection(ExtensibilityGlobals) = postSolution
		SolutionGuid = {05007DA9-D6E7-4D2A-BB80-EBF775A7292D}
	EndGlobalSection
EndGlobal
